// !$*UTF8*$!
{
	archiveVersion = 1;
	classes = {
	};
	objectVersion = 48;
	objects = {

/* Begin PBXBuildFile section */
		89E006D02020FD14008A3A7F /* Assets.xcassets in Resources */ = {isa = PBXBuildFile; fileRef = 89E006CF2020FD14008A3A7F /* Assets.xcassets */; };
		89E006D32020FD14008A3A7F /* LaunchScreen.storyboard in Resources */ = {isa = PBXBuildFile; fileRef = 89E006D12020FD14008A3A7F /* LaunchScreen.storyboard */; };
		89E006E32020FED6008A3A7F /* AppDelegate.swift in Sources */ = {isa = PBXBuildFile; fileRef = 89E006E22020FED6008A3A7F /* AppDelegate.swift */; };
		89E006E52020FF21008A3A7F /* Main.storyboard in Resources */ = {isa = PBXBuildFile; fileRef = 89E006E42020FF21008A3A7F /* Main.storyboard */; };
		89E006E72020FF71008A3A7F /* StoryboardSupport.swift in Sources */ = {isa = PBXBuildFile; fileRef = 89E006E62020FF71008A3A7F /* StoryboardSupport.swift */; };
		89E006E92020FFDE008A3A7F /* Track.swift in Sources */ = {isa = PBXBuildFile; fileRef = 89E006E82020FFDE008A3A7F /* Track.swift */; };
		89E006EB20210010008A3A7F /* SearchViewController.swift in Sources */ = {isa = PBXBuildFile; fileRef = 89E006EA20210010008A3A7F /* SearchViewController.swift */; };
		89E006ED2021006F008A3A7F /* SearchVC+SearchBarDelagate.swift in Sources */ = {isa = PBXBuildFile; fileRef = 89E006EC2021006F008A3A7F /* SearchVC+SearchBarDelagate.swift */; };
		89E006EF202100AE008A3A7F /* QueryService.swift in Sources */ = {isa = PBXBuildFile; fileRef = 89E006EE202100AE008A3A7F /* QueryService.swift */; };
		89E006F1202100D5008A3A7F /* DownloadService.swift in Sources */ = {isa = PBXBuildFile; fileRef = 89E006F0202100D5008A3A7F /* DownloadService.swift */; };
		89E006F6202101B9008A3A7F /* TrackCell.swift in Sources */ = {isa = PBXBuildFile; fileRef = 89E006F5202101B9008A3A7F /* TrackCell.swift */; };
		89EA009C2022364A00D69EFF /* Download.swift in Sources */ = {isa = PBXBuildFile; fileRef = 89EA009B2022364A00D69EFF /* Download.swift */; };
		89EA009E20223A5A00D69EFF /* SearchVC+URLSessionDelegates.swift in Sources */ = {isa = PBXBuildFile; fileRef = 89EA009D20223A5A00D69EFF /* SearchVC+URLSessionDelegates.swift */; };
/* End PBXBuildFile section */

/* Begin PBXFileReference section */
		89E006C52020FD14008A3A7F /* HalfTunes.app */ = {isa = PBXFileReference; explicitFileType = wrapper.application; includeInIndex = 0; path = HalfTunes.app; sourceTree = BUILT_PRODUCTS_DIR; };
		89E006CF2020FD14008A3A7F /* Assets.xcassets */ = {isa = PBXFileReference; lastKnownFileType = folder.assetcatalog; path = Assets.xcassets; sourceTree = "<group>"; };
		89E006D22020FD14008A3A7F /* Base */ = {isa = PBXFileReference; lastKnownFileType = file.storyboard; name = Base; path = Base.lproj/LaunchScreen.storyboard; sourceTree = "<group>"; };
		89E006D42020FD14008A3A7F /* Info.plist */ = {isa = PBXFileReference; lastKnownFileType = text.plist.xml; path = Info.plist; sourceTree = "<group>"; };
		89E006E22020FED6008A3A7F /* AppDelegate.swift */ = {isa = PBXFileReference; lastKnownFileType = sourcecode.swift; path = AppDelegate.swift; sourceTree = "<group>"; };
		89E006E42020FF21008A3A7F /* Main.storyboard */ = {isa = PBXFileReference; lastKnownFileType = file.storyboard; path = Main.storyboard; sourceTree = "<group>"; };
		89E006E62020FF71008A3A7F /* StoryboardSupport.swift */ = {isa = PBXFileReference; lastKnownFileType = sourcecode.swift; path = StoryboardSupport.swift; sourceTree = "<group>"; };
		89E006E82020FFDE008A3A7F /* Track.swift */ = {isa = PBXFileReference; lastKnownFileType = sourcecode.swift; path = Track.swift; sourceTree = "<group>"; };
		89E006EA20210010008A3A7F /* SearchViewController.swift */ = {isa = PBXFileReference; lastKnownFileType = sourcecode.swift; path = SearchViewController.swift; sourceTree = "<group>"; };
		89E006EC2021006F008A3A7F /* SearchVC+SearchBarDelagate.swift */ = {isa = PBXFileReference; lastKnownFileType = sourcecode.swift; path = "SearchVC+SearchBarDelagate.swift"; sourceTree = "<group>"; };
		89E006EE202100AE008A3A7F /* QueryService.swift */ = {isa = PBXFileReference; lastKnownFileType = sourcecode.swift; path = QueryService.swift; sourceTree = "<group>"; };
		89E006F0202100D5008A3A7F /* DownloadService.swift */ = {isa = PBXFileReference; lastKnownFileType = sourcecode.swift; path = DownloadService.swift; sourceTree = "<group>"; };
		89E006F5202101B9008A3A7F /* TrackCell.swift */ = {isa = PBXFileReference; lastKnownFileType = sourcecode.swift; path = TrackCell.swift; sourceTree = "<group>"; };
		89EA009B2022364A00D69EFF /* Download.swift */ = {isa = PBXFileReference; lastKnownFileType = sourcecode.swift; path = Download.swift; sourceTree = "<group>"; };
		89EA009D20223A5A00D69EFF /* SearchVC+URLSessionDelegates.swift */ = {isa = PBXFileReference; lastKnownFileType = sourcecode.swift; path = "SearchVC+URLSessionDelegates.swift"; sourceTree = "<group>"; };
/* End PBXFileReference section */

/* Begin PBXFrameworksBuildPhase section */
		89E006C22020FD14008A3A7F /* Frameworks */ = {
			isa = PBXFrameworksBuildPhase;
			buildActionMask = 2147483647;
			files = (
			);
			runOnlyForDeploymentPostprocessing = 0;
		};
/* End PBXFrameworksBuildPhase section */

/* Begin PBXGroup section */
		89E006BC2020FD14008A3A7F = {
			isa = PBXGroup;
			children = (
				89E006C72020FD14008A3A7F /* HalfTunes */,
				89E006C62020FD14008A3A7F /* Products */,
			);
			sourceTree = "<group>";
		};
		89E006C62020FD14008A3A7F /* Products */ = {
			isa = PBXGroup;
			children = (
				89E006C52020FD14008A3A7F /* HalfTunes.app */,
			);
			name = Products;
			sourceTree = "<group>";
		};
		89E006C72020FD14008A3A7F /* HalfTunes */ = {
			isa = PBXGroup;
			children = (
				89E006F42021019B008A3A7F /* View */,
				89E006DE2020FE85008A3A7F /* Model */,
				89E006DF2020FE91008A3A7F /* Controller */,
				89E006E02020FEA1008A3A7F /* Networking */,
				89E006E12020FEAC008A3A7F /* SupportingFiles */,
			);
			path = HalfTunes;
			sourceTree = "<group>";
		};
		89E006DE2020FE85008A3A7F /* Model */ = {
			isa = PBXGroup;
			children = (
				89E006E82020FFDE008A3A7F /* Track.swift */,
				89EA009B2022364A00D69EFF /* Download.swift */,
			);
			path = Model;
			sourceTree = "<group>";
		};
		89E006DF2020FE91008A3A7F /* Controller */ = {
			isa = PBXGroup;
			children = (
				89E006EA20210010008A3A7F /* SearchViewController.swift */,
				89E006EC2021006F008A3A7F /* SearchVC+SearchBarDelagate.swift */,
				89EA009D20223A5A00D69EFF /* SearchVC+URLSessionDelegates.swift */,
			);
			path = Controller;
			sourceTree = "<group>";
		};
		89E006E02020FEA1008A3A7F /* Networking */ = {
			isa = PBXGroup;
			children = (
				89E006EE202100AE008A3A7F /* QueryService.swift */,
				89E006F0202100D5008A3A7F /* DownloadService.swift */,
			);
			path = Networking;
			sourceTree = "<group>";
		};
		89E006E12020FEAC008A3A7F /* SupportingFiles */ = {
			isa = PBXGroup;
			children = (
				89E006E22020FED6008A3A7F /* AppDelegate.swift */,
				89E006E42020FF21008A3A7F /* Main.storyboard */,
				89E006E62020FF71008A3A7F /* StoryboardSupport.swift */,
				89E006CF2020FD14008A3A7F /* Assets.xcassets */,
				89E006D12020FD14008A3A7F /* LaunchScreen.storyboard */,
				89E006D42020FD14008A3A7F /* Info.plist */,
			);
			path = SupportingFiles;
			sourceTree = "<group>";
		};
		89E006F42021019B008A3A7F /* View */ = {
			isa = PBXGroup;
			children = (
				89E006F5202101B9008A3A7F /* TrackCell.swift */,
			);
			path = View;
			sourceTree = "<group>";
		};
/* End PBXGroup section */

/* Begin PBXNativeTarget section */
		89E006C42020FD14008A3A7F /* HalfTunes */ = {
			isa = PBXNativeTarget;
			buildConfigurationList = 89E006D72020FD14008A3A7F /* Build configuration list for PBXNativeTarget "HalfTunes" */;
			buildPhases = (
				89E006C12020FD14008A3A7F /* Sources */,
				89E006C22020FD14008A3A7F /* Frameworks */,
				89E006C32020FD14008A3A7F /* Resources */,
			);
			buildRules = (
			);
			dependencies = (
			);
			name = HalfTunes;
			productName = HalfTunes;
			productReference = 89E006C52020FD14008A3A7F /* HalfTunes.app */;
			productType = "com.apple.product-type.application";
		};
/* End PBXNativeTarget section */

/* Begin PBXProject section */
		89E006BD2020FD14008A3A7F /* Project object */ = {
			isa = PBXProject;
			attributes = {
				LastSwiftUpdateCheck = 0920;
				LastUpgradeCheck = 0920;
				ORGANIZATIONNAME = "Jeff Ripke";
				TargetAttributes = {
					89E006C42020FD14008A3A7F = {
						CreatedOnToolsVersion = 9.2;
						LastSwiftMigration = 0920;
						ProvisioningStyle = Automatic;
					};
				};
			};
			buildConfigurationList = 89E006C02020FD14008A3A7F /* Build configuration list for PBXProject "HalfTunes" */;
			compatibilityVersion = "Xcode 8.0";
			developmentRegion = en;
			hasScannedForEncodings = 0;
			knownRegions = (
				en,
				Base,
			);
			mainGroup = 89E006BC2020FD14008A3A7F;
			productRefGroup = 89E006C62020FD14008A3A7F /* Products */;
			projectDirPath = "";
			projectRoot = "";
			targets = (
				89E006C42020FD14008A3A7F /* HalfTunes */,
			);
		};
/* End PBXProject section */

/* Begin PBXResourcesBuildPhase section */
		89E006C32020FD14008A3A7F /* Resources */ = {
			isa = PBXResourcesBuildPhase;
			buildActionMask = 2147483647;
			files = (
				89E006E52020FF21008A3A7F /* Main.storyboard in Resources */,
				89E006D32020FD14008A3A7F /* LaunchScreen.storyboard in Resources */,
				89E006D02020FD14008A3A7F /* Assets.xcassets in Resources */,
			);
			runOnlyForDeploymentPostprocessing = 0;
		};
/* End PBXResourcesBuildPhase section */

/* Begin PBXSourcesBuildPhase section */
		89E006C12020FD14008A3A7F /* Sources */ = {
			isa = PBXSourcesBuildPhase;
			buildActionMask = 2147483647;
			files = (
				89EA009C2022364A00D69EFF /* Download.swift in Sources */,
				89E006ED2021006F008A3A7F /* SearchVC+SearchBarDelagate.swift in Sources */,
				89EA009E20223A5A00D69EFF /* SearchVC+URLSessionDelegates.swift in Sources */,
				89E006F1202100D5008A3A7F /* DownloadService.swift in Sources */,
				89E006EB20210010008A3A7F /* SearchViewController.swift in Sources */,
				89E006E32020FED6008A3A7F /* AppDelegate.swift in Sources */,
				89E006EF202100AE008A3A7F /* QueryService.swift in Sources */,
				89E006E72020FF71008A3A7F /* StoryboardSupport.swift in Sources */,
				89E006E92020FFDE008A3A7F /* Track.swift in Sources */,
				89E006F6202101B9008A3A7F /* TrackCell.swift in Sources */,
			);
			runOnlyForDeploymentPostprocessing = 0;
		};
/* End PBXSourcesBuildPhase section */

/* Begin PBXVariantGroup section */
		89E006D12020FD14008A3A7F /* LaunchScreen.storyboard */ = {
			isa = PBXVariantGroup;
			children = (
				89E006D22020FD14008A3A7F /* Base */,
			);
			name = LaunchScreen.storyboard;
			sourceTree = "<group>";
		};
/* End PBXVariantGroup section */

/* Begin XCBuildConfiguration section */
		89E006D52020FD14008A3A7F /* Debug */ = {
			isa = XCBuildConfiguration;
			buildSettings = {
				ALWAYS_SEARCH_USER_PATHS = NO;
				CLANG_ANALYZER_NONNULL = YES;
				CLANG_ANALYZER_NUMBER_OBJECT_CONVERSION = YES_AGGRESSIVE;
				CLANG_CXX_LANGUAGE_STANDARD = "gnu++14";
				CLANG_CXX_LIBRARY = "libc++";
				CLANG_ENABLE_MODULES = YES;
				CLANG_ENABLE_OBJC_ARC = YES;
				CLANG_WARN_BLOCK_CAPTURE_AUTORELEASING = YES;
				CLANG_WARN_BOOL_CONVERSION = YES;
				CLANG_WARN_COMMA = YES;
				CLANG_WARN_CONSTANT_CONVERSION = YES;
				CLANG_WARN_DIRECT_OBJC_ISA_USAGE = YES_ERROR;
				CLANG_WARN_DOCUMENTATION_COMMENTS = YES;
				CLANG_WARN_EMPTY_BODY = YES;
				CLANG_WARN_ENUM_CONVERSION = YES;
				CLANG_WARN_INFINITE_RECURSION = YES;
				CLANG_WARN_INT_CONVERSION = YES;
				CLANG_WARN_NON_LITERAL_NULL_CONVERSION = YES;
				CLANG_WARN_OBJC_LITERAL_CONVERSION = YES;
				CLANG_WARN_OBJC_ROOT_CLASS = YES_ERROR;
				CLANG_WARN_RANGE_LOOP_ANALYSIS = YES;
				CLANG_WARN_STRICT_PROTOTYPES = YES;
				CLANG_WARN_SUSPICIOUS_MOVE = YES;
				CLANG_WARN_UNGUARDED_AVAILABILITY = YES_AGGRESSIVE;
				CLANG_WARN_UNREACHABLE_CODE = YES;
				CLANG_WARN__DUPLICATE_METHOD_MATCH = YES;
				CODE_SIGN_IDENTITY = "iPhone Developer";
				COPY_PHASE_STRIP = NO;
				DEBUG_INFORMATION_FORMAT = dwarf;
				ENABLE_STRICT_OBJC_MSGSEND = YES;
				ENABLE_TESTABILITY = YES;
				GCC_C_LANGUAGE_STANDARD = gnu11;
				GCC_DYNAMIC_NO_PIC = NO;
				GCC_NO_COMMON_BLOCKS = YES;
				GCC_OPTIMIZATION_LEVEL = 0;
				GCC_PREPROCESSOR_DEFINITIONS = (
					"DEBUG=1",
					"$(inherited)",
				);
				GCC_WARN_64_TO_32_BIT_CONVERSION = YES;
				GCC_WARN_ABOUT_RETURN_TYPE = YES_ERROR;
				GCC_WARN_UNDECLARED_SELECTOR = YES;
				GCC_WARN_UNINITIALIZED_AUTOS = YES_AGGRESSIVE;
				GCC_WARN_UNUSED_FUNCTION = YES;
				GCC_WARN_UNUSED_VARIABLE = YES;
				IPHONEOS_DEPLOYMENT_TARGET = 11.2;
				MTL_ENABLE_DEBUG_INFO = YES;
				ONLY_ACTIVE_ARCH = YES;
				SDKROOT = iphoneos;
				SWIFT_ACTIVE_COMPILATION_CONDITIONS = DEBUG;
				SWIFT_OPTIMIZATION_LEVEL = "-Onone";
			};
			name = Debug;
		};
		89E006D62020FD14008A3A7F /* Release */ = {
			isa = XCBuildConfiguration;
			buildSettings = {
				ALWAYS_SEARCH_USER_PATHS = NO;
				CLANG_ANALYZER_NONNULL = YES;
				CLANG_ANALYZER_NUMBER_OBJECT_CONVERSION = YES_AGGRESSIVE;
				CLANG_CXX_LANGUAGE_STANDARD = "gnu++14";
				CLANG_CXX_LIBRARY = "libc++";
				CLANG_ENABLE_MODULES = YES;
				CLANG_ENABLE_OBJC_ARC = YES;
				CLANG_WARN_BLOCK_CAPTURE_AUTORELEASING = YES;
				CLANG_WARN_BOOL_CONVERSION = YES;
				CLANG_WARN_COMMA = YES;
				CLANG_WARN_CONSTANT_CONVERSION = YES;
				CLANG_WARN_DIRECT_OBJC_ISA_USAGE = YES_ERROR;
				CLANG_WARN_DOCUMENTATION_COMMENTS = YES;
				CLANG_WARN_EMPTY_BODY = YES;
				CLANG_WARN_ENUM_CONVERSION = YES;
				CLANG_WARN_INFINITE_RECURSION = YES;
				CLANG_WARN_INT_CONVERSION = YES;
				CLANG_WARN_NON_LITERAL_NULL_CONVERSION = YES;
				CLANG_WARN_OBJC_LITERAL_CONVERSION = YES;
				CLANG_WARN_OBJC_ROOT_CLASS = YES_ERROR;
				CLANG_WARN_RANGE_LOOP_ANALYSIS = YES;
				CLANG_WARN_STRICT_PROTOTYPES = YES;
				CLANG_WARN_SUSPICIOUS_MOVE = YES;
				CLANG_WARN_UNGUARDED_AVAILABILITY = YES_AGGRESSIVE;
				CLANG_WARN_UNREACHABLE_CODE = YES;
				CLANG_WARN__DUPLICATE_METHOD_MATCH = YES;
				CODE_SIGN_IDENTITY = "iPhone Developer";
				COPY_PHASE_STRIP = NO;
				DEBUG_INFORMATION_FORMAT = "dwarf-with-dsym";
				ENABLE_NS_ASSERTIONS = NO;
				ENABLE_STRICT_OBJC_MSGSEND = YES;
				GCC_C_LANGUAGE_STANDARD = gnu11;
				GCC_NO_COMMON_BLOCKS = YES;
				GCC_WARN_64_TO_32_BIT_CONVERSION = YES;
				GCC_WARN_ABOUT_RETURN_TYPE = YES_ERROR;
				GCC_WARN_UNDECLARED_SELECTOR = YES;
				GCC_WARN_UNINITIALIZED_AUTOS = YES_AGGRESSIVE;
				GCC_WARN_UNUSED_FUNCTION = YES;
				GCC_WARN_UNUSED_VARIABLE = YES;
				IPHONEOS_DEPLOYMENT_TARGET = 11.2;
				MTL_ENABLE_DEBUG_INFO = NO;
				SDKROOT = iphoneos;
				SWIFT_OPTIMIZATION_LEVEL = "-Owholemodule";
				VALIDATE_PRODUCT = YES;
			};
			name = Release;
		};
		89E006D82020FD14008A3A7F /* Debug */ = {
			isa = XCBuildConfiguration;
			buildSettings = {
				ASSETCATALOG_COMPILER_APPICON_NAME = AppIcon;
				CLANG_ENABLE_MODULES = YES;
				CODE_SIGN_STYLE = Automatic;
				DEVELOPMENT_TEAM = 997RL2KYD9;
				INFOPLIST_FILE = "$(SRCROOT)/HalfTunes/SupportingFiles/Info.plist";
				LD_RUNPATH_SEARCH_PATHS = "$(inherited) @executable_path/Frameworks";
				PRODUCT_BUNDLE_IDENTIFIER = com.jeffripke.HalfTunes;
				PRODUCT_NAME = "$(TARGET_NAME)";
				SWIFT_INSTALL_OBJC_HEADER = NO;
				SWIFT_OBJC_BRIDGING_HEADER = "";
				SWIFT_OPTIMIZATION_LEVEL = "-Onone";
				SWIFT_PRECOMPILE_BRIDGING_HEADER = NO;
				SWIFT_VERSION = 4.0;
				TARGETED_DEVICE_FAMILY = "1,2";
			};
			name = Debug;
		};
		89E006D92020FD14008A3A7F /* Release */ = {
			isa = XCBuildConfiguration;
			buildSettings = {
				ASSETCATALOG_COMPILER_APPICON_NAME = AppIcon;
				CLANG_ENABLE_MODULES = YES;
				CODE_SIGN_STYLE = Automatic;
				DEVELOPMENT_TEAM = 997RL2KYD9;
				INFOPLIST_FILE = "$(SRCROOT)/HalfTunes/SupportingFiles/Info.plist";
				LD_RUNPATH_SEARCH_PATHS = "$(inherited) @executable_path/Frameworks";
				PRODUCT_BUNDLE_IDENTIFIER = com.jeffripke.HalfTunes;
				PRODUCT_NAME = "$(TARGET_NAME)";
				SWIFT_INSTALL_OBJC_HEADER = NO;
				SWIFT_OBJC_BRIDGING_HEADER = "";
				SWIFT_PRECOMPILE_BRIDGING_HEADER = NO;
				SWIFT_VERSION = 4.0;
				TARGETED_DEVICE_FAMILY = "1,2";
			};
			name = Release;
		};
/* End XCBuildConfiguration section */

/* Begin XCConfigurationList section */
		89E006C02020FD14008A3A7F /* Build configuration list for PBXProject "HalfTunes" */ = {
			isa = XCConfigurationList;
			buildConfigurations = (
				89E006D52020FD14008A3A7F /* Debug */,
				89E006D62020FD14008A3A7F /* Release */,
			);
			defaultConfigurationIsVisible = 0;
			defaultConfigurationName = Release;
		};
		89E006D72020FD14008A3A7F /* Build configuration list for PBXNativeTarget "HalfTunes" */ = {
			isa = XCConfigurationList;
			buildConfigurations = (
				89E006D82020FD14008A3A7F /* Debug */,
				89E006D92020FD14008A3A7F /* Release */,
			);
			defaultConfigurationIsVisible = 0;
			defaultConfigurationName = Release;
		};
/* End XCConfigurationList section */
	};
	rootObject = 89E006BD2020FD14008A3A7F /* Project object */;
}
